// !$*UTF8*$!
{
	archiveVersion = 1;
	classes = {
	};
	objectVersion = 77;
	objects = {

/* Begin PBXBuildFile section */
		8507D1E52D0CBEF600DC7F4F /* NavTemplateShared.framework in Frameworks */ = {isa = PBXBuildFile; fileRef = 855F43DA2D0CA0C400593B9A /* NavTemplateShared.framework */; };
		8507D1E62D0CBEF600DC7F4F /* NavTemplateShared.framework in Embed Frameworks */ = {isa = PBXBuildFile; fileRef = 855F43DA2D0CA0C400593B9A /* NavTemplateShared.framework */; settings = {ATTRIBUTES = (CodeSignOnCopy, RemoveHeadersOnCopy, ); }; };
		851402142D2D51D700E7804F /* WidgetKit.framework in Frameworks */ = {isa = PBXBuildFile; fileRef = 855F43BA2D0BFA7000593B9A /* WidgetKit.framework */; };
		851402152D2D51D700E7804F /* SwiftUI.framework in Frameworks */ = {isa = PBXBuildFile; fileRef = 855F43BC2D0BFA7300593B9A /* SwiftUI.framework */; };
		851402262D2D51DE00E7804F /* TaskWidgetExtension.appex in Embed Foundation Extensions */ = {isa = PBXBuildFile; fileRef = 851402132D2D51D500E7804F /* TaskWidgetExtension.appex */; settings = {ATTRIBUTES = (RemoveHeadersOnCopy, ); }; };
		855F43BB2D0BFA7300593B9A /* WidgetKit.framework in Frameworks */ = {isa = PBXBuildFile; fileRef = 855F43BA2D0BFA7000593B9A /* WidgetKit.framework */; };
		855F43BD2D0BFA7300593B9A /* SwiftUI.framework in Frameworks */ = {isa = PBXBuildFile; fileRef = 855F43BC2D0BFA7300593B9A /* SwiftUI.framework */; };
		855F43CE2D0BFA7500593B9A /* ActivitiesWidgetExtension.appex in Embed Foundation Extensions */ = {isa = PBXBuildFile; fileRef = 855F43B82D0BFA7000593B9A /* ActivitiesWidgetExtension.appex */; settings = {ATTRIBUTES = (RemoveHeadersOnCopy, ); }; };
		855F43E42D0CA0C700593B9A /* NavTemplateShared.framework in Frameworks */ = {isa = PBXBuildFile; fileRef = 855F43DA2D0CA0C400593B9A /* NavTemplateShared.framework */; };
		855F43EF2D0CA0C700593B9A /* NavTemplateShared.framework in Frameworks */ = {isa = PBXBuildFile; fileRef = 855F43DA2D0CA0C400593B9A /* NavTemplateShared.framework */; };
		855F43F02D0CA0C700593B9A /* NavTemplateShared.framework in Embed Frameworks */ = {isa = PBXBuildFile; fileRef = 855F43DA2D0CA0C400593B9A /* NavTemplateShared.framework */; settings = {ATTRIBUTES = (CodeSignOnCopy, RemoveHeadersOnCopy, ); }; };
/* End PBXBuildFile section */

/* Begin PBXContainerItemProxy section */
		8507D1E72D0CBEF600DC7F4F /* PBXContainerItemProxy */ = {
			isa = PBXContainerItemProxy;
			containerPortal = 855E4E9E2CFC3B70002E12D4 /* Project object */;
			proxyType = 1;
			remoteGlobalIDString = 855F43D92D0CA0C400593B9A;
			remoteInfo = NavTemplateShared;
		};
		851402242D2D51DD00E7804F /* PBXContainerItemProxy */ = {
			isa = PBXContainerItemProxy;
			containerPortal = 855E4E9E2CFC3B70002E12D4 /* Project object */;
			proxyType = 1;
			remoteGlobalIDString = 851402122D2D51D500E7804F;
			remoteInfo = TaskWidgetExtension;
		};
		855E4EB72CFC3B72002E12D4 /* PBXContainerItemProxy */ = {
			isa = PBXContainerItemProxy;
			containerPortal = 855E4E9E2CFC3B70002E12D4 /* Project object */;
			proxyType = 1;
			remoteGlobalIDString = 855E4EA52CFC3B70002E12D4;
			remoteInfo = NavTemplate;
		};
		855E4EC12CFC3B72002E12D4 /* PBXContainerItemProxy */ = {
			isa = PBXContainerItemProxy;
			containerPortal = 855E4E9E2CFC3B70002E12D4 /* Project object */;
			proxyType = 1;
			remoteGlobalIDString = 855E4EA52CFC3B70002E12D4;
			remoteInfo = NavTemplate;
		};
		855F43CC2D0BFA7500593B9A /* PBXContainerItemProxy */ = {
			isa = PBXContainerItemProxy;
			containerPortal = 855E4E9E2CFC3B70002E12D4 /* Project object */;
			proxyType = 1;
			remoteGlobalIDString = 855F43B72D0BFA7000593B9A;
			remoteInfo = NavWidgetExtension;
		};
		855F43E52D0CA0C700593B9A /* PBXContainerItemProxy */ = {
			isa = PBXContainerItemProxy;
			containerPortal = 855E4E9E2CFC3B70002E12D4 /* Project object */;
			proxyType = 1;
			remoteGlobalIDString = 855F43D92D0CA0C400593B9A;
			remoteInfo = NavTemplateShared;
		};
		855F43E72D0CA0C700593B9A /* PBXContainerItemProxy */ = {
			isa = PBXContainerItemProxy;
			containerPortal = 855E4E9E2CFC3B70002E12D4 /* Project object */;
			proxyType = 1;
			remoteGlobalIDString = 855E4EA52CFC3B70002E12D4;
			remoteInfo = NavTemplate;
		};
		855F43ED2D0CA0C700593B9A /* PBXContainerItemProxy */ = {
			isa = PBXContainerItemProxy;
			containerPortal = 855E4E9E2CFC3B70002E12D4 /* Project object */;
			proxyType = 1;
			remoteGlobalIDString = 855F43D92D0CA0C400593B9A;
			remoteInfo = NavTemplateShared;
		};
/* End PBXContainerItemProxy section */

/* Begin PBXCopyFilesBuildPhase section */
		8507D1E92D0CBEF600DC7F4F /* Embed Frameworks */ = {
			isa = PBXCopyFilesBuildPhase;
			buildActionMask = 2147483647;
			dstPath = "";
			dstSubfolderSpec = 10;
			files = (
				8507D1E62D0CBEF600DC7F4F /* NavTemplateShared.framework in Embed Frameworks */,
			);
			name = "Embed Frameworks";
			runOnlyForDeploymentPostprocessing = 0;
		};
		855F43CF2D0BFA7500593B9A /* Embed Foundation Extensions */ = {
			isa = PBXCopyFilesBuildPhase;
			buildActionMask = 2147483647;
			dstPath = "";
			dstSubfolderSpec = 13;
			files = (
				855F43CE2D0BFA7500593B9A /* ActivitiesWidgetExtension.appex in Embed Foundation Extensions */,
				851402262D2D51DE00E7804F /* TaskWidgetExtension.appex in Embed Foundation Extensions */,
			);
			name = "Embed Foundation Extensions";
			runOnlyForDeploymentPostprocessing = 0;
		};
		855F43F52D0CA0C700593B9A /* Embed Frameworks */ = {
			isa = PBXCopyFilesBuildPhase;
			buildActionMask = 2147483647;
			dstPath = "";
			dstSubfolderSpec = 10;
			files = (
				855F43F02D0CA0C700593B9A /* NavTemplateShared.framework in Embed Frameworks */,
			);
			name = "Embed Frameworks";
			runOnlyForDeploymentPostprocessing = 0;
		};
/* End PBXCopyFilesBuildPhase section */

/* Begin PBXFileReference section */
		851402132D2D51D500E7804F /* TaskWidgetExtension.appex */ = {isa = PBXFileReference; explicitFileType = "wrapper.app-extension"; includeInIndex = 0; path = TaskWidgetExtension.appex; sourceTree = BUILT_PRODUCTS_DIR; };
		8514022B2D2D647400E7804F /* TaskWidgetExtension.entitlements */ = {isa = PBXFileReference; lastKnownFileType = text.plist.entitlements; path = TaskWidgetExtension.entitlements; sourceTree = "<group>"; };
		855E4EA62CFC3B70002E12D4 /* iOSWiz.app */ = {isa = PBXFileReference; explicitFileType = wrapper.application; includeInIndex = 0; path = iOSWiz.app; sourceTree = BUILT_PRODUCTS_DIR; };
		855E4EB62CFC3B72002E12D4 /* NavTemplateTests.xctest */ = {isa = PBXFileReference; explicitFileType = wrapper.cfbundle; includeInIndex = 0; path = NavTemplateTests.xctest; sourceTree = BUILT_PRODUCTS_DIR; };
		855E4EC02CFC3B72002E12D4 /* NavTemplateUITests.xctest */ = {isa = PBXFileReference; explicitFileType = wrapper.cfbundle; includeInIndex = 0; path = NavTemplateUITests.xctest; sourceTree = BUILT_PRODUCTS_DIR; };
		855F43B82D0BFA7000593B9A /* ActivitiesWidgetExtension.appex */ = {isa = PBXFileReference; explicitFileType = "wrapper.app-extension"; includeInIndex = 0; path = ActivitiesWidgetExtension.appex; sourceTree = BUILT_PRODUCTS_DIR; };
		855F43BA2D0BFA7000593B9A /* WidgetKit.framework */ = {isa = PBXFileReference; lastKnownFileType = wrapper.framework; name = WidgetKit.framework; path = System/Library/Frameworks/WidgetKit.framework; sourceTree = SDKROOT; };
		855F43BC2D0BFA7300593B9A /* SwiftUI.framework */ = {isa = PBXFileReference; lastKnownFileType = wrapper.framework; name = SwiftUI.framework; path = System/Library/Frameworks/SwiftUI.framework; sourceTree = SDKROOT; };
		855F43D42D0BFB9B00593B9A /* NavWidgetExtension.entitlements */ = {isa = PBXFileReference; lastKnownFileType = text.plist.entitlements; path = NavWidgetExtension.entitlements; sourceTree = "<group>"; };
		855F43DA2D0CA0C400593B9A /* NavTemplateShared.framework */ = {isa = PBXFileReference; explicitFileType = wrapper.framework; includeInIndex = 0; path = NavTemplateShared.framework; sourceTree = BUILT_PRODUCTS_DIR; };
		855F43E32D0CA0C700593B9A /* NavTemplateSharedTests.xctest */ = {isa = PBXFileReference; explicitFileType = wrapper.cfbundle; includeInIndex = 0; path = NavTemplateSharedTests.xctest; sourceTree = BUILT_PRODUCTS_DIR; };
/* End PBXFileReference section */

/* Begin PBXFileSystemSynchronizedBuildFileExceptionSet section */
		851402292D2D51DE00E7804F /* Exceptions for "TaskWidget" folder in "TaskWidgetExtension" target */ = {
			isa = PBXFileSystemSynchronizedBuildFileExceptionSet;
			membershipExceptions = (
				Info.plist,
			);
			target = 851402122D2D51D500E7804F /* TaskWidgetExtension */;
		};
		855F43D22D0BFA7500593B9A /* Exceptions for "NavWidget" folder in "ActivitiesWidgetExtension" target */ = {
			isa = PBXFileSystemSynchronizedBuildFileExceptionSet;
			membershipExceptions = (
				Info.plist,
			);
			target = 855F43B72D0BFA7000593B9A /* ActivitiesWidgetExtension */;
		};
		855F43F12D0CA0C700593B9A /* Exceptions for "NavTemplateShared" folder in "NavTemplateShared" target */ = {
			isa = PBXFileSystemSynchronizedBuildFileExceptionSet;
			publicHeaders = (
				NavTemplateShared.h,
			);
			target = 855F43D92D0CA0C400593B9A /* NavTemplateShared */;
		};
/* End PBXFileSystemSynchronizedBuildFileExceptionSet section */

/* Begin PBXFileSystemSynchronizedRootGroup section */
		851402162D2D51D700E7804F /* TaskWidget */ = {
			isa = PBXFileSystemSynchronizedRootGroup;
			exceptions = (
				851402292D2D51DE00E7804F /* Exceptions for "TaskWidget" folder in "TaskWidgetExtension" target */,
			);
			path = TaskWidget;
			sourceTree = "<group>";
		};
		855E4EA82CFC3B70002E12D4 /* NavTemplate */ = {
			isa = PBXFileSystemSynchronizedRootGroup;
			path = NavTemplate;
			sourceTree = "<group>";
		};
		855E4EB92CFC3B72002E12D4 /* NavTemplateTests */ = {
			isa = PBXFileSystemSynchronizedRootGroup;
			path = NavTemplateTests;
			sourceTree = "<group>";
		};
		855E4EC32CFC3B72002E12D4 /* NavTemplateUITests */ = {
			isa = PBXFileSystemSynchronizedRootGroup;
			path = NavTemplateUITests;
			sourceTree = "<group>";
		};
		855F43BE2D0BFA7300593B9A /* NavWidget */ = {
			isa = PBXFileSystemSynchronizedRootGroup;
			exceptions = (
				855F43D22D0BFA7500593B9A /* Exceptions for "NavWidget" folder in "ActivitiesWidgetExtension" target */,
			);
			path = NavWidget;
			sourceTree = "<group>";
		};
		855F43DB2D0CA0C400593B9A /* NavTemplateShared */ = {
			isa = PBXFileSystemSynchronizedRootGroup;
			exceptions = (
				855F43F12D0CA0C700593B9A /* Exceptions for "NavTemplateShared" folder in "NavTemplateShared" target */,
			);
			path = NavTemplateShared;
			sourceTree = "<group>";
		};
		855F43E92D0CA0C700593B9A /* NavTemplateSharedTests */ = {
			isa = PBXFileSystemSynchronizedRootGroup;
			path = NavTemplateSharedTests;
			sourceTree = "<group>";
		};
/* End PBXFileSystemSynchronizedRootGroup section */

/* Begin PBXFrameworksBuildPhase section */
		851402102D2D51D500E7804F /* Frameworks */ = {
			isa = PBXFrameworksBuildPhase;
			buildActionMask = 2147483647;
			files = (
				851402152D2D51D700E7804F /* SwiftUI.framework in Frameworks */,
				851402142D2D51D700E7804F /* WidgetKit.framework in Frameworks */,
			);
			runOnlyForDeploymentPostprocessing = 0;
		};
		855E4EA32CFC3B70002E12D4 /* Frameworks */ = {
			isa = PBXFrameworksBuildPhase;
			buildActionMask = 2147483647;
			files = (
				855F43EF2D0CA0C700593B9A /* NavTemplateShared.framework in Frameworks */,
			);
			runOnlyForDeploymentPostprocessing = 0;
		};
		855E4EB32CFC3B72002E12D4 /* Frameworks */ = {
			isa = PBXFrameworksBuildPhase;
			buildActionMask = 2147483647;
			files = (
			);
			runOnlyForDeploymentPostprocessing = 0;
		};
		855E4EBD2CFC3B72002E12D4 /* Frameworks */ = {
			isa = PBXFrameworksBuildPhase;
			buildActionMask = 2147483647;
			files = (
			);
			runOnlyForDeploymentPostprocessing = 0;
		};
		855F43B52D0BFA7000593B9A /* Frameworks */ = {
			isa = PBXFrameworksBuildPhase;
			buildActionMask = 2147483647;
			files = (
				855F43BD2D0BFA7300593B9A /* SwiftUI.framework in Frameworks */,
				8507D1E52D0CBEF600DC7F4F /* NavTemplateShared.framework in Frameworks */,
				855F43BB2D0BFA7300593B9A /* WidgetKit.framework in Frameworks */,
			);
			runOnlyForDeploymentPostprocessing = 0;
		};
		855F43D72D0CA0C400593B9A /* Frameworks */ = {
			isa = PBXFrameworksBuildPhase;
			buildActionMask = 2147483647;
			files = (
			);
			runOnlyForDeploymentPostprocessing = 0;
		};
		855F43E02D0CA0C700593B9A /* Frameworks */ = {
			isa = PBXFrameworksBuildPhase;
			buildActionMask = 2147483647;
			files = (
				855F43E42D0CA0C700593B9A /* NavTemplateShared.framework in Frameworks */,
			);
			runOnlyForDeploymentPostprocessing = 0;
		};
/* End PBXFrameworksBuildPhase section */

/* Begin PBXGroup section */
		855E4E9D2CFC3B70002E12D4 = {
			isa = PBXGroup;
			children = (
				8514022B2D2D647400E7804F /* TaskWidgetExtension.entitlements */,
				855F43D42D0BFB9B00593B9A /* NavWidgetExtension.entitlements */,
				855E4EA82CFC3B70002E12D4 /* NavTemplate */,
				855E4EB92CFC3B72002E12D4 /* NavTemplateTests */,
				855E4EC32CFC3B72002E12D4 /* NavTemplateUITests */,
				855F43BE2D0BFA7300593B9A /* NavWidget */,
				855F43DB2D0CA0C400593B9A /* NavTemplateShared */,
				855F43E92D0CA0C700593B9A /* NavTemplateSharedTests */,
				851402162D2D51D700E7804F /* TaskWidget */,
				855F43B92D0BFA7000593B9A /* Frameworks */,
				855E4EA72CFC3B70002E12D4 /* Products */,
			);
			sourceTree = "<group>";
		};
		855E4EA72CFC3B70002E12D4 /* Products */ = {
			isa = PBXGroup;
			children = (
				855E4EA62CFC3B70002E12D4 /* iOSWiz.app */,
				855E4EB62CFC3B72002E12D4 /* NavTemplateTests.xctest */,
				855E4EC02CFC3B72002E12D4 /* NavTemplateUITests.xctest */,
				855F43B82D0BFA7000593B9A /* ActivitiesWidgetExtension.appex */,
				855F43DA2D0CA0C400593B9A /* NavTemplateShared.framework */,
				855F43E32D0CA0C700593B9A /* NavTemplateSharedTests.xctest */,
				851402132D2D51D500E7804F /* TaskWidgetExtension.appex */,
			);
			name = Products;
			sourceTree = "<group>";
		};
		855F43B92D0BFA7000593B9A /* Frameworks */ = {
			isa = PBXGroup;
			children = (
				855F43BA2D0BFA7000593B9A /* WidgetKit.framework */,
				855F43BC2D0BFA7300593B9A /* SwiftUI.framework */,
			);
			name = Frameworks;
			sourceTree = "<group>";
		};
/* End PBXGroup section */

/* Begin PBXHeadersBuildPhase section */
		855F43D52D0CA0C400593B9A /* Headers */ = {
			isa = PBXHeadersBuildPhase;
			buildActionMask = 2147483647;
			files = (
			);
			runOnlyForDeploymentPostprocessing = 0;
		};
/* End PBXHeadersBuildPhase section */

/* Begin PBXNativeTarget section */
		851402122D2D51D500E7804F /* TaskWidgetExtension */ = {
			isa = PBXNativeTarget;
			buildConfigurationList = 8514022A2D2D51DE00E7804F /* Build configuration list for PBXNativeTarget "TaskWidgetExtension" */;
			buildPhases = (
				8514020F2D2D51D500E7804F /* Sources */,
				851402102D2D51D500E7804F /* Frameworks */,
				851402112D2D51D500E7804F /* Resources */,
			);
			buildRules = (
			);
			dependencies = (
			);
			fileSystemSynchronizedGroups = (
				851402162D2D51D700E7804F /* TaskWidget */,
			);
			name = TaskWidgetExtension;
			packageProductDependencies = (
			);
			productName = TaskWidgetExtension;
			productReference = 851402132D2D51D500E7804F /* TaskWidgetExtension.appex */;
			productType = "com.apple.product-type.app-extension";
		};
		855E4EA52CFC3B70002E12D4 /* iOSWiz */ = {
			isa = PBXNativeTarget;
			buildConfigurationList = 855E4ECA2CFC3B72002E12D4 /* Build configuration list for PBXNativeTarget "iOSWiz" */;
			buildPhases = (
				855E4EA22CFC3B70002E12D4 /* Sources */,
				855E4EA32CFC3B70002E12D4 /* Frameworks */,
				855E4EA42CFC3B70002E12D4 /* Resources */,
				855F43CF2D0BFA7500593B9A /* Embed Foundation Extensions */,
				855F43F52D0CA0C700593B9A /* Embed Frameworks */,
			);
			buildRules = (
			);
			dependencies = (
				855F43CD2D0BFA7500593B9A /* PBXTargetDependency */,
				855F43EE2D0CA0C700593B9A /* PBXTargetDependency */,
				851402252D2D51DD00E7804F /* PBXTargetDependency */,
			);
			fileSystemSynchronizedGroups = (
				855E4EA82CFC3B70002E12D4 /* NavTemplate */,
			);
			name = iOSWiz;
			packageProductDependencies = (
			);
			productName = NavTemplate;
			productReference = 855E4EA62CFC3B70002E12D4 /* iOSWiz.app */;
			productType = "com.apple.product-type.application";
		};
		855E4EB52CFC3B72002E12D4 /* NavTemplateTests */ = {
			isa = PBXNativeTarget;
			buildConfigurationList = 855E4ECD2CFC3B72002E12D4 /* Build configuration list for PBXNativeTarget "NavTemplateTests" */;
			buildPhases = (
				855E4EB22CFC3B72002E12D4 /* Sources */,
				855E4EB32CFC3B72002E12D4 /* Frameworks */,
				855E4EB42CFC3B72002E12D4 /* Resources */,
			);
			buildRules = (
			);
			dependencies = (
				855E4EB82CFC3B72002E12D4 /* PBXTargetDependency */,
			);
			fileSystemSynchronizedGroups = (
				855E4EB92CFC3B72002E12D4 /* NavTemplateTests */,
			);
			name = NavTemplateTests;
			packageProductDependencies = (
			);
			productName = NavTemplateTests;
			productReference = 855E4EB62CFC3B72002E12D4 /* NavTemplateTests.xctest */;
			productType = "com.apple.product-type.bundle.unit-test";
		};
		855E4EBF2CFC3B72002E12D4 /* NavTemplateUITests */ = {
			isa = PBXNativeTarget;
			buildConfigurationList = 855E4ED02CFC3B72002E12D4 /* Build configuration list for PBXNativeTarget "NavTemplateUITests" */;
			buildPhases = (
				855E4EBC2CFC3B72002E12D4 /* Sources */,
				855E4EBD2CFC3B72002E12D4 /* Frameworks */,
				855E4EBE2CFC3B72002E12D4 /* Resources */,
			);
			buildRules = (
			);
			dependencies = (
				855E4EC22CFC3B72002E12D4 /* PBXTargetDependency */,
			);
			fileSystemSynchronizedGroups = (
				855E4EC32CFC3B72002E12D4 /* NavTemplateUITests */,
			);
			name = NavTemplateUITests;
			packageProductDependencies = (
			);
			productName = NavTemplateUITests;
			productReference = 855E4EC02CFC3B72002E12D4 /* NavTemplateUITests.xctest */;
			productType = "com.apple.product-type.bundle.ui-testing";
		};
		855F43B72D0BFA7000593B9A /* ActivitiesWidgetExtension */ = {
			isa = PBXNativeTarget;
			buildConfigurationList = 855F43D32D0BFA7500593B9A /* Build configuration list for PBXNativeTarget "ActivitiesWidgetExtension" */;
			buildPhases = (
				855F43B42D0BFA7000593B9A /* Sources */,
				855F43B52D0BFA7000593B9A /* Frameworks */,
				855F43B62D0BFA7000593B9A /* Resources */,
				8507D1E92D0CBEF600DC7F4F /* Embed Frameworks */,
			);
			buildRules = (
			);
			dependencies = (
				8507D1E82D0CBEF600DC7F4F /* PBXTargetDependency */,
			);
			fileSystemSynchronizedGroups = (
				855F43BE2D0BFA7300593B9A /* NavWidget */,
			);
			name = ActivitiesWidgetExtension;
			packageProductDependencies = (
			);
			productName = NavWidgetExtension;
			productReference = 855F43B82D0BFA7000593B9A /* ActivitiesWidgetExtension.appex */;
			productType = "com.apple.product-type.app-extension";
		};
		855F43D92D0CA0C400593B9A /* NavTemplateShared */ = {
			isa = PBXNativeTarget;
			buildConfigurationList = 855F43F22D0CA0C700593B9A /* Build configuration list for PBXNativeTarget "NavTemplateShared" */;
			buildPhases = (
				855F43D52D0CA0C400593B9A /* Headers */,
				855F43D62D0CA0C400593B9A /* Sources */,
				855F43D72D0CA0C400593B9A /* Frameworks */,
				855F43D82D0CA0C400593B9A /* Resources */,
			);
			buildRules = (
			);
			dependencies = (
			);
			fileSystemSynchronizedGroups = (
				855F43DB2D0CA0C400593B9A /* NavTemplateShared */,
			);
			name = NavTemplateShared;
			packageProductDependencies = (
			);
			productName = NavTemplateShared;
			productReference = 855F43DA2D0CA0C400593B9A /* NavTemplateShared.framework */;
			productType = "com.apple.product-type.framework";
		};
		855F43E22D0CA0C700593B9A /* NavTemplateSharedTests */ = {
			isa = PBXNativeTarget;
			buildConfigurationList = 855F43F62D0CA0C700593B9A /* Build configuration list for PBXNativeTarget "NavTemplateSharedTests" */;
			buildPhases = (
				855F43DF2D0CA0C700593B9A /* Sources */,
				855F43E02D0CA0C700593B9A /* Frameworks */,
				855F43E12D0CA0C700593B9A /* Resources */,
			);
			buildRules = (
			);
			dependencies = (
				855F43E62D0CA0C700593B9A /* PBXTargetDependency */,
				855F43E82D0CA0C700593B9A /* PBXTargetDependency */,
			);
			fileSystemSynchronizedGroups = (
				855F43E92D0CA0C700593B9A /* NavTemplateSharedTests */,
			);
			name = NavTemplateSharedTests;
			packageProductDependencies = (
			);
			productName = NavTemplateSharedTests;
			productReference = 855F43E32D0CA0C700593B9A /* NavTemplateSharedTests.xctest */;
			productType = "com.apple.product-type.bundle.unit-test";
		};
/* End PBXNativeTarget section */

/* Begin PBXProject section */
		855E4E9E2CFC3B70002E12D4 /* Project object */ = {
			isa = PBXProject;
			attributes = {
				BuildIndependentTargetsInParallel = 1;
				LastSwiftUpdateCheck = 1610;
				LastUpgradeCheck = 1610;
				TargetAttributes = {
					851402122D2D51D500E7804F = {
						CreatedOnToolsVersion = 16.1;
					};
					855E4EA52CFC3B70002E12D4 = {
						CreatedOnToolsVersion = 16.1;
					};
					855E4EB52CFC3B72002E12D4 = {
						CreatedOnToolsVersion = 16.1;
						TestTargetID = 855E4EA52CFC3B70002E12D4;
					};
					855E4EBF2CFC3B72002E12D4 = {
						CreatedOnToolsVersion = 16.1;
						TestTargetID = 855E4EA52CFC3B70002E12D4;
					};
					855F43B72D0BFA7000593B9A = {
						CreatedOnToolsVersion = 16.1;
					};
					855F43D92D0CA0C400593B9A = {
						CreatedOnToolsVersion = 16.1;
					};
					855F43E22D0CA0C700593B9A = {
						CreatedOnToolsVersion = 16.1;
						TestTargetID = 855E4EA52CFC3B70002E12D4;
					};
				};
			};
			buildConfigurationList = 855E4EA12CFC3B70002E12D4 /* Build configuration list for PBXProject "NavTemplate" */;
			developmentRegion = en;
			hasScannedForEncodings = 0;
			knownRegions = (
				en,
				Base,
			);
			mainGroup = 855E4E9D2CFC3B70002E12D4;
			minimizedProjectReferenceProxies = 1;
			packageReferences = (
			);
			preferredProjectObjectVersion = 77;
			productRefGroup = 855E4EA72CFC3B70002E12D4 /* Products */;
			projectDirPath = "";
			projectRoot = "";
			targets = (
				855E4EA52CFC3B70002E12D4 /* iOSWiz */,
				855E4EB52CFC3B72002E12D4 /* NavTemplateTests */,
				855E4EBF2CFC3B72002E12D4 /* NavTemplateUITests */,
				855F43B72D0BFA7000593B9A /* ActivitiesWidgetExtension */,
				855F43D92D0CA0C400593B9A /* NavTemplateShared */,
				855F43E22D0CA0C700593B9A /* NavTemplateSharedTests */,
				851402122D2D51D500E7804F /* TaskWidgetExtension */,
			);
		};
/* End PBXProject section */

/* Begin PBXResourcesBuildPhase section */
		851402112D2D51D500E7804F /* Resources */ = {
			isa = PBXResourcesBuildPhase;
			buildActionMask = 2147483647;
			files = (
			);
			runOnlyForDeploymentPostprocessing = 0;
		};
		855E4EA42CFC3B70002E12D4 /* Resources */ = {
			isa = PBXResourcesBuildPhase;
			buildActionMask = 2147483647;
			files = (
			);
			runOnlyForDeploymentPostprocessing = 0;
		};
		855E4EB42CFC3B72002E12D4 /* Resources */ = {
			isa = PBXResourcesBuildPhase;
			buildActionMask = 2147483647;
			files = (
			);
			runOnlyForDeploymentPostprocessing = 0;
		};
		855E4EBE2CFC3B72002E12D4 /* Resources */ = {
			isa = PBXResourcesBuildPhase;
			buildActionMask = 2147483647;
			files = (
			);
			runOnlyForDeploymentPostprocessing = 0;
		};
		855F43B62D0BFA7000593B9A /* Resources */ = {
			isa = PBXResourcesBuildPhase;
			buildActionMask = 2147483647;
			files = (
			);
			runOnlyForDeploymentPostprocessing = 0;
		};
		855F43D82D0CA0C400593B9A /* Resources */ = {
			isa = PBXResourcesBuildPhase;
			buildActionMask = 2147483647;
			files = (
			);
			runOnlyForDeploymentPostprocessing = 0;
		};
		855F43E12D0CA0C700593B9A /* Resources */ = {
			isa = PBXResourcesBuildPhase;
			buildActionMask = 2147483647;
			files = (
			);
			runOnlyForDeploymentPostprocessing = 0;
		};
/* End PBXResourcesBuildPhase section */

/* Begin PBXSourcesBuildPhase section */
		8514020F2D2D51D500E7804F /* Sources */ = {
			isa = PBXSourcesBuildPhase;
			buildActionMask = 2147483647;
			files = (
			);
			runOnlyForDeploymentPostprocessing = 0;
		};
		855E4EA22CFC3B70002E12D4 /* Sources */ = {
			isa = PBXSourcesBuildPhase;
			buildActionMask = 2147483647;
			files = (
			);
			runOnlyForDeploymentPostprocessing = 0;
		};
		855E4EB22CFC3B72002E12D4 /* Sources */ = {
			isa = PBXSourcesBuildPhase;
			buildActionMask = 2147483647;
			files = (
			);
			runOnlyForDeploymentPostprocessing = 0;
		};
		855E4EBC2CFC3B72002E12D4 /* Sources */ = {
			isa = PBXSourcesBuildPhase;
			buildActionMask = 2147483647;
			files = (
			);
			runOnlyForDeploymentPostprocessing = 0;
		};
		855F43B42D0BFA7000593B9A /* Sources */ = {
			isa = PBXSourcesBuildPhase;
			buildActionMask = 2147483647;
			files = (
			);
			runOnlyForDeploymentPostprocessing = 0;
		};
		855F43D62D0CA0C400593B9A /* Sources */ = {
			isa = PBXSourcesBuildPhase;
			buildActionMask = 2147483647;
			files = (
			);
			runOnlyForDeploymentPostprocessing = 0;
		};
		855F43DF2D0CA0C700593B9A /* Sources */ = {
			isa = PBXSourcesBuildPhase;
			buildActionMask = 2147483647;
			files = (
			);
			runOnlyForDeploymentPostprocessing = 0;
		};
/* End PBXSourcesBuildPhase section */

/* Begin PBXTargetDependency section */
		8507D1E82D0CBEF600DC7F4F /* PBXTargetDependency */ = {
			isa = PBXTargetDependency;
			target = 855F43D92D0CA0C400593B9A /* NavTemplateShared */;
			targetProxy = 8507D1E72D0CBEF600DC7F4F /* PBXContainerItemProxy */;
		};
		851402252D2D51DD00E7804F /* PBXTargetDependency */ = {
			isa = PBXTargetDependency;
			target = 851402122D2D51D500E7804F /* TaskWidgetExtension */;
			targetProxy = 851402242D2D51DD00E7804F /* PBXContainerItemProxy */;
		};
		855E4EB82CFC3B72002E12D4 /* PBXTargetDependency */ = {
			isa = PBXTargetDependency;
			target = 855E4EA52CFC3B70002E12D4 /* iOSWiz */;
			targetProxy = 855E4EB72CFC3B72002E12D4 /* PBXContainerItemProxy */;
		};
		855E4EC22CFC3B72002E12D4 /* PBXTargetDependency */ = {
			isa = PBXTargetDependency;
			target = 855E4EA52CFC3B70002E12D4 /* iOSWiz */;
			targetProxy = 855E4EC12CFC3B72002E12D4 /* PBXContainerItemProxy */;
		};
		855F43CD2D0BFA7500593B9A /* PBXTargetDependency */ = {
			isa = PBXTargetDependency;
			target = 855F43B72D0BFA7000593B9A /* ActivitiesWidgetExtension */;
			targetProxy = 855F43CC2D0BFA7500593B9A /* PBXContainerItemProxy */;
		};
		855F43E62D0CA0C700593B9A /* PBXTargetDependency */ = {
			isa = PBXTargetDependency;
			target = 855F43D92D0CA0C400593B9A /* NavTemplateShared */;
			targetProxy = 855F43E52D0CA0C700593B9A /* PBXContainerItemProxy */;
		};
		855F43E82D0CA0C700593B9A /* PBXTargetDependency */ = {
			isa = PBXTargetDependency;
			target = 855E4EA52CFC3B70002E12D4 /* iOSWiz */;
			targetProxy = 855F43E72D0CA0C700593B9A /* PBXContainerItemProxy */;
		};
		855F43EE2D0CA0C700593B9A /* PBXTargetDependency */ = {
			isa = PBXTargetDependency;
			target = 855F43D92D0CA0C400593B9A /* NavTemplateShared */;
			targetProxy = 855F43ED2D0CA0C700593B9A /* PBXContainerItemProxy */;
		};
/* End PBXTargetDependency section */

/* Begin XCBuildConfiguration section */
		851402272D2D51DE00E7804F /* Debug */ = {
			isa = XCBuildConfiguration;
			buildSettings = {
				ASSETCATALOG_COMPILER_GLOBAL_ACCENT_COLOR_NAME = AccentColor;
				ASSETCATALOG_COMPILER_WIDGET_BACKGROUND_COLOR_NAME = WidgetBackground;
				CODE_SIGN_ENTITLEMENTS = TaskWidgetExtension.entitlements;
				CODE_SIGN_STYLE = Automatic;
				CURRENT_PROJECT_VERSION = 1;
				DEVELOPMENT_TEAM = U3ZF79B4TR;
				GENERATE_INFOPLIST_FILE = YES;
				INFOPLIST_FILE = TaskWidget/Info.plist;
				INFOPLIST_KEY_CFBundleDisplayName = TaskWidget;
				INFOPLIST_KEY_NSHumanReadableCopyright = "";
				LD_RUNPATH_SEARCH_PATHS = (
					"$(inherited)",
					"@executable_path/Frameworks",
					"@executable_path/../../Frameworks",
				);
				MARKETING_VERSION = 1.0;
				PRODUCT_BUNDLE_IDENTIFIER = us.kothreat.NavTemplate.TaskWidget;
				PRODUCT_NAME = "$(TARGET_NAME)";
				SKIP_INSTALL = YES;
				SWIFT_EMIT_LOC_STRINGS = YES;
				SWIFT_VERSION = 5.0;
				TARGETED_DEVICE_FAMILY = "1,2";
			};
			name = Debug;
		};
		851402282D2D51DE00E7804F /* Release */ = {
			isa = XCBuildConfiguration;
			buildSettings = {
				ASSETCATALOG_COMPILER_GLOBAL_ACCENT_COLOR_NAME = AccentColor;
				ASSETCATALOG_COMPILER_WIDGET_BACKGROUND_COLOR_NAME = WidgetBackground;
				CODE_SIGN_ENTITLEMENTS = TaskWidgetExtension.entitlements;
				CODE_SIGN_STYLE = Automatic;
				CURRENT_PROJECT_VERSION = 1;
				DEVELOPMENT_TEAM = U3ZF79B4TR;
				GENERATE_INFOPLIST_FILE = YES;
				INFOPLIST_FILE = TaskWidget/Info.plist;
				INFOPLIST_KEY_CFBundleDisplayName = TaskWidget;
				INFOPLIST_KEY_NSHumanReadableCopyright = "";
				LD_RUNPATH_SEARCH_PATHS = (
					"$(inherited)",
					"@executable_path/Frameworks",
					"@executable_path/../../Frameworks",
				);
				MARKETING_VERSION = 1.0;
				PRODUCT_BUNDLE_IDENTIFIER = us.kothreat.NavTemplate.TaskWidget;
				PRODUCT_NAME = "$(TARGET_NAME)";
				SKIP_INSTALL = YES;
				SWIFT_EMIT_LOC_STRINGS = YES;
				SWIFT_VERSION = 5.0;
				TARGETED_DEVICE_FAMILY = "1,2";
			};
			name = Release;
		};
		855E4EC82CFC3B72002E12D4 /* Debug */ = {
			isa = XCBuildConfiguration;
			buildSettings = {
				ALWAYS_SEARCH_USER_PATHS = NO;
				ASSETCATALOG_COMPILER_GENERATE_SWIFT_ASSET_SYMBOL_EXTENSIONS = YES;
				CLANG_ANALYZER_NONNULL = YES;
				CLANG_ANALYZER_NUMBER_OBJECT_CONVERSION = YES_AGGRESSIVE;
				CLANG_CXX_LANGUAGE_STANDARD = "gnu++20";
				CLANG_ENABLE_MODULES = YES;
				CLANG_ENABLE_OBJC_ARC = YES;
				CLANG_ENABLE_OBJC_WEAK = YES;
				CLANG_WARN_BLOCK_CAPTURE_AUTORELEASING = YES;
				CLANG_WARN_BOOL_CONVERSION = YES;
				CLANG_WARN_COMMA = YES;
				CLANG_WARN_CONSTANT_CONVERSION = YES;
				CLANG_WARN_DEPRECATED_OBJC_IMPLEMENTATIONS = YES;
				CLANG_WARN_DIRECT_OBJC_ISA_USAGE = YES_ERROR;
				CLANG_WARN_DOCUMENTATION_COMMENTS = YES;
				CLANG_WARN_EMPTY_BODY = YES;
				CLANG_WARN_ENUM_CONVERSION = YES;
				CLANG_WARN_INFINITE_RECURSION = YES;
				CLANG_WARN_INT_CONVERSION = YES;
				CLANG_WARN_NON_LITERAL_NULL_CONVERSION = YES;
				CLANG_WARN_OBJC_IMPLICIT_RETAIN_SELF = YES;
				CLANG_WARN_OBJC_LITERAL_CONVERSION = YES;
				CLANG_WARN_OBJC_ROOT_CLASS = YES_ERROR;
				CLANG_WARN_QUOTED_INCLUDE_IN_FRAMEWORK_HEADER = YES;
				CLANG_WARN_RANGE_LOOP_ANALYSIS = YES;
				CLANG_WARN_STRICT_PROTOTYPES = YES;
				CLANG_WARN_SUSPICIOUS_MOVE = YES;
				CLANG_WARN_UNGUARDED_AVAILABILITY = YES_AGGRESSIVE;
				CLANG_WARN_UNREACHABLE_CODE = YES;
				CLANG_WARN__DUPLICATE_METHOD_MATCH = YES;
				COPY_PHASE_STRIP = NO;
				DEBUG_INFORMATION_FORMAT = dwarf;
				ENABLE_STRICT_OBJC_MSGSEND = YES;
				ENABLE_TESTABILITY = YES;
				ENABLE_USER_SCRIPT_SANDBOXING = YES;
				GCC_C_LANGUAGE_STANDARD = gnu17;
				GCC_DYNAMIC_NO_PIC = NO;
				GCC_NO_COMMON_BLOCKS = YES;
				GCC_OPTIMIZATION_LEVEL = 0;
				GCC_PREPROCESSOR_DEFINITIONS = (
					"DEBUG=1",
					"$(inherited)",
				);
				GCC_WARN_64_TO_32_BIT_CONVERSION = YES;
				GCC_WARN_ABOUT_RETURN_TYPE = YES_ERROR;
				GCC_WARN_UNDECLARED_SELECTOR = YES;
				GCC_WARN_UNINITIALIZED_AUTOS = YES_AGGRESSIVE;
				GCC_WARN_UNUSED_FUNCTION = YES;
				GCC_WARN_UNUSED_VARIABLE = YES;
				IPHONEOS_DEPLOYMENT_TARGET = 18.1;
				LOCALIZATION_PREFERS_STRING_CATALOGS = YES;
				MTL_ENABLE_DEBUG_INFO = INCLUDE_SOURCE;
				MTL_FAST_MATH = YES;
				ONLY_ACTIVE_ARCH = YES;
				SDKROOT = iphoneos;
				SWIFT_ACTIVE_COMPILATION_CONDITIONS = "DEBUG $(inherited)";
				SWIFT_OPTIMIZATION_LEVEL = "-Onone";
			};
			name = Debug;
		};
		855E4EC92CFC3B72002E12D4 /* Release */ = {
			isa = XCBuildConfiguration;
			buildSettings = {
				ALWAYS_SEARCH_USER_PATHS = NO;
				ASSETCATALOG_COMPILER_GENERATE_SWIFT_ASSET_SYMBOL_EXTENSIONS = YES;
				CLANG_ANALYZER_NONNULL = YES;
				CLANG_ANALYZER_NUMBER_OBJECT_CONVERSION = YES_AGGRESSIVE;
				CLANG_CXX_LANGUAGE_STANDARD = "gnu++20";
				CLANG_ENABLE_MODULES = YES;
				CLANG_ENABLE_OBJC_ARC = YES;
				CLANG_ENABLE_OBJC_WEAK = YES;
				CLANG_WARN_BLOCK_CAPTURE_AUTORELEASING = YES;
				CLANG_WARN_BOOL_CONVERSION = YES;
				CLANG_WARN_COMMA = YES;
				CLANG_WARN_CONSTANT_CONVERSION = YES;
				CLANG_WARN_DEPRECATED_OBJC_IMPLEMENTATIONS = YES;
				CLANG_WARN_DIRECT_OBJC_ISA_USAGE = YES_ERROR;
				CLANG_WARN_DOCUMENTATION_COMMENTS = YES;
				CLANG_WARN_EMPTY_BODY = YES;
				CLANG_WARN_ENUM_CONVERSION = YES;
				CLANG_WARN_INFINITE_RECURSION = YES;
				CLANG_WARN_INT_CONVERSION = YES;
				CLANG_WARN_NON_LITERAL_NULL_CONVERSION = YES;
				CLANG_WARN_OBJC_IMPLICIT_RETAIN_SELF = YES;
				CLANG_WARN_OBJC_LITERAL_CONVERSION = YES;
				CLANG_WARN_OBJC_ROOT_CLASS = YES_ERROR;
				CLANG_WARN_QUOTED_INCLUDE_IN_FRAMEWORK_HEADER = YES;
				CLANG_WARN_RANGE_LOOP_ANALYSIS = YES;
				CLANG_WARN_STRICT_PROTOTYPES = YES;
				CLANG_WARN_SUSPICIOUS_MOVE = YES;
				CLANG_WARN_UNGUARDED_AVAILABILITY = YES_AGGRESSIVE;
				CLANG_WARN_UNREACHABLE_CODE = YES;
				CLANG_WARN__DUPLICATE_METHOD_MATCH = YES;
				COPY_PHASE_STRIP = NO;
				DEBUG_INFORMATION_FORMAT = "dwarf-with-dsym";
				ENABLE_NS_ASSERTIONS = NO;
				ENABLE_STRICT_OBJC_MSGSEND = YES;
				ENABLE_USER_SCRIPT_SANDBOXING = YES;
				GCC_C_LANGUAGE_STANDARD = gnu17;
				GCC_NO_COMMON_BLOCKS = YES;
				GCC_WARN_64_TO_32_BIT_CONVERSION = YES;
				GCC_WARN_ABOUT_RETURN_TYPE = YES_ERROR;
				GCC_WARN_UNDECLARED_SELECTOR = YES;
				GCC_WARN_UNINITIALIZED_AUTOS = YES_AGGRESSIVE;
				GCC_WARN_UNUSED_FUNCTION = YES;
				GCC_WARN_UNUSED_VARIABLE = YES;
				IPHONEOS_DEPLOYMENT_TARGET = 18.1;
				LOCALIZATION_PREFERS_STRING_CATALOGS = YES;
				MTL_ENABLE_DEBUG_INFO = NO;
				MTL_FAST_MATH = YES;
				SDKROOT = iphoneos;
				SWIFT_COMPILATION_MODE = wholemodule;
				VALIDATE_PRODUCT = YES;
			};
			name = Release;
		};
		855E4ECB2CFC3B72002E12D4 /* Debug */ = {
			isa = XCBuildConfiguration;
			buildSettings = {
				ASSETCATALOG_COMPILER_APPICON_NAME = AppIcon;
				ASSETCATALOG_COMPILER_GLOBAL_ACCENT_COLOR_NAME = AccentColor;
				CODE_SIGN_ENTITLEMENTS = NavTemplate/NavTemplate.entitlements;
				CODE_SIGN_STYLE = Automatic;
				CURRENT_PROJECT_VERSION = 1;
				DEVELOPMENT_ASSET_PATHS = "\"NavTemplate/Preview Content\"";
				DEVELOPMENT_TEAM = U3ZF79B4TR;
				ENABLE_PREVIEWS = YES;
				GENERATE_INFOPLIST_FILE = YES;
				INFOPLIST_KEY_UIApplicationSceneManifest_Generation = YES;
				INFOPLIST_KEY_UIApplicationSupportsIndirectInputEvents = YES;
				INFOPLIST_KEY_UILaunchScreen_Generation = YES;
				INFOPLIST_KEY_UISupportedInterfaceOrientations = UIInterfaceOrientationPortrait;
				INFOPLIST_KEY_UISupportedInterfaceOrientations_iPad = "UIInterfaceOrientationLandscapeLeft UIInterfaceOrientationLandscapeRight UIInterfaceOrientationPortrait UIInterfaceOrientationPortraitUpsideDown";
				LD_RUNPATH_SEARCH_PATHS = (
					"$(inherited)",
					"@executable_path/Frameworks",
				);
				MARKETING_VERSION = 1.0;
				PRODUCT_BUNDLE_IDENTIFIER = us.kothreat.NavTemplate;
				PRODUCT_NAME = "$(TARGET_NAME)";
				SWIFT_EMIT_LOC_STRINGS = YES;
				SWIFT_VERSION = 5.0;
				TARGETED_DEVICE_FAMILY = "1,2";
			};
			name = Debug;
		};
		855E4ECC2CFC3B72002E12D4 /* Release */ = {
			isa = XCBuildConfiguration;
			buildSettings = {
				ASSETCATALOG_COMPILER_APPICON_NAME = AppIcon;
				ASSETCATALOG_COMPILER_GLOBAL_ACCENT_COLOR_NAME = AccentColor;
				CODE_SIGN_ENTITLEMENTS = NavTemplate/NavTemplate.entitlements;
				CODE_SIGN_STYLE = Automatic;
				CURRENT_PROJECT_VERSION = 1;
				DEVELOPMENT_ASSET_PATHS = "\"NavTemplate/Preview Content\"";
				DEVELOPMENT_TEAM = U3ZF79B4TR;
				ENABLE_PREVIEWS = YES;
				GENERATE_INFOPLIST_FILE = YES;
				INFOPLIST_KEY_UIApplicationSceneManifest_Generation = YES;
				INFOPLIST_KEY_UIApplicationSupportsIndirectInputEvents = YES;
				INFOPLIST_KEY_UILaunchScreen_Generation = YES;
				INFOPLIST_KEY_UISupportedInterfaceOrientations = UIInterfaceOrientationPortrait;
				INFOPLIST_KEY_UISupportedInterfaceOrientations_iPad = "UIInterfaceOrientationLandscapeLeft UIInterfaceOrientationLandscapeRight UIInterfaceOrientationPortrait UIInterfaceOrientationPortraitUpsideDown";
				LD_RUNPATH_SEARCH_PATHS = (
					"$(inherited)",
					"@executable_path/Frameworks",
				);
				MARKETING_VERSION = 1.0;
				PRODUCT_BUNDLE_IDENTIFIER = us.kothreat.NavTemplate;
				PRODUCT_NAME = "$(TARGET_NAME)";
				SWIFT_EMIT_LOC_STRINGS = YES;
				SWIFT_VERSION = 5.0;
				TARGETED_DEVICE_FAMILY = "1,2";
			};
			name = Release;
		};
		855E4ECE2CFC3B72002E12D4 /* Debug */ = {
			isa = XCBuildConfiguration;
			buildSettings = {
				BUNDLE_LOADER = "$(TEST_HOST)";
				CODE_SIGN_STYLE = Automatic;
				CURRENT_PROJECT_VERSION = 1;
				DEVELOPMENT_TEAM = U3ZF79B4TR;
				GENERATE_INFOPLIST_FILE = YES;
				IPHONEOS_DEPLOYMENT_TARGET = 18.1;
				MARKETING_VERSION = 1.0;
				PRODUCT_BUNDLE_IDENTIFIER = us.kothreat.NavTemplateTests;
				PRODUCT_NAME = "$(TARGET_NAME)";
				SWIFT_EMIT_LOC_STRINGS = NO;
				SWIFT_VERSION = 5.0;
				TARGETED_DEVICE_FAMILY = "1,2";
				TEST_HOST = "$(BUILT_PRODUCTS_DIR)/NavTemplate.app/$(BUNDLE_EXECUTABLE_FOLDER_PATH)/NavTemplate";
			};
			name = Debug;
		};
		855E4ECF2CFC3B72002E12D4 /* Release */ = {
			isa = XCBuildConfiguration;
			buildSettings = {
				BUNDLE_LOADER = "$(TEST_HOST)";
				CODE_SIGN_STYLE = Automatic;
				CURRENT_PROJECT_VERSION = 1;
				DEVELOPMENT_TEAM = U3ZF79B4TR;
				GENERATE_INFOPLIST_FILE = YES;
				IPHONEOS_DEPLOYMENT_TARGET = 18.1;
				MARKETING_VERSION = 1.0;
				PRODUCT_BUNDLE_IDENTIFIER = us.kothreat.NavTemplateTests;
				PRODUCT_NAME = "$(TARGET_NAME)";
				SWIFT_EMIT_LOC_STRINGS = NO;
				SWIFT_VERSION = 5.0;
				TARGETED_DEVICE_FAMILY = "1,2";
				TEST_HOST = "$(BUILT_PRODUCTS_DIR)/NavTemplate.app/$(BUNDLE_EXECUTABLE_FOLDER_PATH)/NavTemplate";
			};
			name = Release;
		};
		855E4ED12CFC3B72002E12D4 /* Debug */ = {
			isa = XCBuildConfiguration;
			buildSettings = {
				CODE_SIGN_STYLE = Automatic;
				CURRENT_PROJECT_VERSION = 1;
				DEVELOPMENT_TEAM = U3ZF79B4TR;
				GENERATE_INFOPLIST_FILE = YES;
				MARKETING_VERSION = 1.0;
				PRODUCT_BUNDLE_IDENTIFIER = us.kothreat.NavTemplateUITests;
				PRODUCT_NAME = "$(TARGET_NAME)";
				SWIFT_EMIT_LOC_STRINGS = NO;
				SWIFT_VERSION = 5.0;
				TARGETED_DEVICE_FAMILY = "1,2";
				TEST_TARGET_NAME = NavTemplate;
			};
			name = Debug;
		};
		855E4ED22CFC3B72002E12D4 /* Release */ = {
			isa = XCBuildConfiguration;
			buildSettings = {
				CODE_SIGN_STYLE = Automatic;
				CURRENT_PROJECT_VERSION = 1;
				DEVELOPMENT_TEAM = U3ZF79B4TR;
				GENERATE_INFOPLIST_FILE = YES;
				MARKETING_VERSION = 1.0;
				PRODUCT_BUNDLE_IDENTIFIER = us.kothreat.NavTemplateUITests;
				PRODUCT_NAME = "$(TARGET_NAME)";
				SWIFT_EMIT_LOC_STRINGS = NO;
				SWIFT_VERSION = 5.0;
				TARGETED_DEVICE_FAMILY = "1,2";
				TEST_TARGET_NAME = NavTemplate;
			};
			name = Release;
		};
		855F43D02D0BFA7500593B9A /* Debug */ = {
			isa = XCBuildConfiguration;
			buildSettings = {
				ASSETCATALOG_COMPILER_GLOBAL_ACCENT_COLOR_NAME = AccentColor;
				ASSETCATALOG_COMPILER_WIDGET_BACKGROUND_COLOR_NAME = WidgetBackground;
				CODE_SIGN_ENTITLEMENTS = NavWidgetExtension.entitlements;
				CODE_SIGN_STYLE = Automatic;
				CURRENT_PROJECT_VERSION = 1;
				DEVELOPMENT_TEAM = U3ZF79B4TR;
				GENERATE_INFOPLIST_FILE = YES;
				INFOPLIST_FILE = NavWidget/Info.plist;
				INFOPLIST_KEY_CFBundleDisplayName = ActivitiesWidget;
				INFOPLIST_KEY_NSHumanReadableCopyright = "";
				LD_RUNPATH_SEARCH_PATHS = (
					"$(inherited)",
					"@executable_path/Frameworks",
					"@executable_path/../../Frameworks",
				);
				MARKETING_VERSION = 1.0;
				PRODUCT_BUNDLE_IDENTIFIER = us.kothreat.NavTemplate.NavWidget;
				PRODUCT_NAME = "$(TARGET_NAME)";
				SKIP_INSTALL = YES;
				SWIFT_EMIT_LOC_STRINGS = YES;
				SWIFT_VERSION = 5.0;
				TARGETED_DEVICE_FAMILY = "1,2";
				WIDGET_EXTENSION = true;
			};
			name = Debug;
		};
		855F43D12D0BFA7500593B9A /* Release */ = {
			isa = XCBuildConfiguration;
			buildSettings = {
				ASSETCATALOG_COMPILER_GLOBAL_ACCENT_COLOR_NAME = AccentColor;
				ASSETCATALOG_COMPILER_WIDGET_BACKGROUND_COLOR_NAME = WidgetBackground;
				CODE_SIGN_ENTITLEMENTS = NavWidgetExtension.entitlements;
				CODE_SIGN_STYLE = Automatic;
				CURRENT_PROJECT_VERSION = 1;
				DEVELOPMENT_TEAM = U3ZF79B4TR;
				GENERATE_INFOPLIST_FILE = YES;
				INFOPLIST_FILE = NavWidget/Info.plist;
				INFOPLIST_KEY_CFBundleDisplayName = ActivitiesWidget;
				INFOPLIST_KEY_NSHumanReadableCopyright = "";
				LD_RUNPATH_SEARCH_PATHS = (
					"$(inherited)",
					"@executable_path/Frameworks",
					"@executable_path/../../Frameworks",
				);
				MARKETING_VERSION = 1.0;
				PRODUCT_BUNDLE_IDENTIFIER = us.kothreat.NavTemplate.NavWidget;
				PRODUCT_NAME = "$(TARGET_NAME)";
				SKIP_INSTALL = YES;
				SWIFT_EMIT_LOC_STRINGS = YES;
				SWIFT_VERSION = 5.0;
				TARGETED_DEVICE_FAMILY = "1,2";
				WIDGET_EXTENSION = true;
			};
			name = Release;
		};
		855F43F32D0CA0C700593B9A /* Debug */ = {
			isa = XCBuildConfiguration;
			buildSettings = {
				BUILD_LIBRARY_FOR_DISTRIBUTION = YES;
				CODE_SIGN_STYLE = Automatic;
				CURRENT_PROJECT_VERSION = 1;
				DEFINES_MODULE = YES;
				DEVELOPMENT_TEAM = U3ZF79B4TR;
				DYLIB_COMPATIBILITY_VERSION = 1;
				DYLIB_CURRENT_VERSION = 1;
				DYLIB_INSTALL_NAME_BASE = "@rpath";
				ENABLE_MODULE_VERIFIER = YES;
				GENERATE_INFOPLIST_FILE = YES;
				INFOPLIST_KEY_NSHumanReadableCopyright = "";
				INSTALL_PATH = "$(LOCAL_LIBRARY_DIR)/Frameworks";
				LD_RUNPATH_SEARCH_PATHS = (
					"$(inherited)",
					"@executable_path/Frameworks",
					"@loader_path/Frameworks",
				);
				MARKETING_VERSION = 1.0;
				MODULE_VERIFIER_SUPPORTED_LANGUAGES = "objective-c objective-c++";
				MODULE_VERIFIER_SUPPORTED_LANGUAGE_STANDARDS = "gnu17 gnu++20";
				PRODUCT_BUNDLE_IDENTIFIER = us.kothreat.NavTemplate.NavTemplateShared;
				PRODUCT_NAME = "$(TARGET_NAME:c99extidentifier)";
				SKIP_INSTALL = YES;
				SWIFT_EMIT_LOC_STRINGS = YES;
				SWIFT_INSTALL_OBJC_HEADER = NO;
				SWIFT_VERSION = 5.0;
				TARGETED_DEVICE_FAMILY = "1,2";
				VERSIONING_SYSTEM = "apple-generic";
				VERSION_INFO_PREFIX = "";
			};
			name = Debug;
		};
		855F43F42D0CA0C700593B9A /* Release */ = {
			isa = XCBuildConfiguration;
			buildSettings = {
				BUILD_LIBRARY_FOR_DISTRIBUTION = YES;
				CODE_SIGN_STYLE = Automatic;
				CURRENT_PROJECT_VERSION = 1;
				DEFINES_MODULE = YES;
				DEVELOPMENT_TEAM = U3ZF79B4TR;
				DYLIB_COMPATIBILITY_VERSION = 1;
				DYLIB_CURRENT_VERSION = 1;
				DYLIB_INSTALL_NAME_BASE = "@rpath";
				ENABLE_MODULE_VERIFIER = YES;
				GENERATE_INFOPLIST_FILE = YES;
				INFOPLIST_KEY_NSHumanReadableCopyright = "";
				INSTALL_PATH = "$(LOCAL_LIBRARY_DIR)/Frameworks";
				LD_RUNPATH_SEARCH_PATHS = (
					"$(inherited)",
					"@executable_path/Frameworks",
					"@loader_path/Frameworks",
				);
				MARKETING_VERSION = 1.0;
				MODULE_VERIFIER_SUPPORTED_LANGUAGES = "objective-c objective-c++";
				MODULE_VERIFIER_SUPPORTED_LANGUAGE_STANDARDS = "gnu17 gnu++20";
				PRODUCT_BUNDLE_IDENTIFIER = us.kothreat.NavTemplate.NavTemplateShared;
				PRODUCT_NAME = "$(TARGET_NAME:c99extidentifier)";
				SKIP_INSTALL = YES;
				SWIFT_EMIT_LOC_STRINGS = YES;
				SWIFT_INSTALL_OBJC_HEADER = NO;
				SWIFT_VERSION = 5.0;
				TARGETED_DEVICE_FAMILY = "1,2";
				VERSIONING_SYSTEM = "apple-generic";
				VERSION_INFO_PREFIX = "";
			};
			name = Release;
		};
		855F43F72D0CA0C700593B9A /* Debug */ = {
			isa = XCBuildConfiguration;
			buildSettings = {
				CODE_SIGN_STYLE = Automatic;
				CURRENT_PROJECT_VERSION = 1;
				DEVELOPMENT_TEAM = U3ZF79B4TR;
				GENERATE_INFOPLIST_FILE = YES;
				MARKETING_VERSION = 1.0;
				PRODUCT_BUNDLE_IDENTIFIER = us.kothreat.NavTemplate.NavTemplateSharedTests;
				PRODUCT_NAME = "$(TARGET_NAME)";
				SWIFT_EMIT_LOC_STRINGS = NO;
				SWIFT_VERSION = 5.0;
				TARGETED_DEVICE_FAMILY = "1,2";
				TEST_HOST = "$(BUILT_PRODUCTS_DIR)/NavTemplate.app/$(BUNDLE_EXECUTABLE_FOLDER_PATH)/NavTemplate";
			};
			name = Debug;
		};
		855F43F82D0CA0C700593B9A /* Release */ = {
			isa = XCBuildConfiguration;
			buildSettings = {
				CODE_SIGN_STYLE = Automatic;
				CURRENT_PROJECT_VERSION = 1;
				DEVELOPMENT_TEAM = U3ZF79B4TR;
				GENERATE_INFOPLIST_FILE = YES;
				MARKETING_VERSION = 1.0;
				PRODUCT_BUNDLE_IDENTIFIER = us.kothreat.NavTemplate.NavTemplateSharedTests;
				PRODUCT_NAME = "$(TARGET_NAME)";
				SWIFT_EMIT_LOC_STRINGS = NO;
				SWIFT_VERSION = 5.0;
				TARGETED_DEVICE_FAMILY = "1,2";
				TEST_HOST = "$(BUILT_PRODUCTS_DIR)/NavTemplate.app/$(BUNDLE_EXECUTABLE_FOLDER_PATH)/NavTemplate";
			};
			name = Release;
		};
/* End XCBuildConfiguration section */

/* Begin XCConfigurationList section */
		8514022A2D2D51DE00E7804F /* Build configuration list for PBXNativeTarget "TaskWidgetExtension" */ = {
			isa = XCConfigurationList;
			buildConfigurations = (
				851402272D2D51DE00E7804F /* Debug */,
				851402282D2D51DE00E7804F /* Release */,
			);
			defaultConfigurationIsVisible = 0;
			defaultConfigurationName = Release;
		};
		855E4EA12CFC3B70002E12D4 /* Build configuration list for PBXProject "NavTemplate" */ = {
			isa = XCConfigurationList;
			buildConfigurations = (
				855E4EC82CFC3B72002E12D4 /* Debug */,
				855E4EC92CFC3B72002E12D4 /* Release */,
			);
			defaultConfigurationIsVisible = 0;
			defaultConfigurationName = Release;
		};
		855E4ECA2CFC3B72002E12D4 /* Build configuration list for PBXNativeTarget "iOSWiz" */ = {
			isa = XCConfigurationList;
			buildConfigurations = (
				855E4ECB2CFC3B72002E12D4 /* Debug */,
				855E4ECC2CFC3B72002E12D4 /* Release */,
			);
			defaultConfigurationIsVisible = 0;
			defaultConfigurationName = Release;
		};
		855E4ECD2CFC3B72002E12D4 /* Build configuration list for PBXNativeTarget "NavTemplateTests" */ = {
			isa = XCConfigurationList;
			buildConfigurations = (
				855E4ECE2CFC3B72002E12D4 /* Debug */,
				855E4ECF2CFC3B72002E12D4 /* Release */,
			);
			defaultConfigurationIsVisible = 0;
			defaultConfigurationName = Release;
		};
		855E4ED02CFC3B72002E12D4 /* Build configuration list for PBXNativeTarget "NavTemplateUITests" */ = {
			isa = XCConfigurationList;
			buildConfigurations = (
				855E4ED12CFC3B72002E12D4 /* Debug */,
				855E4ED22CFC3B72002E12D4 /* Release */,
			);
			defaultConfigurationIsVisible = 0;
			defaultConfigurationName = Release;
		};
		855F43D32D0BFA7500593B9A /* Build configuration list for PBXNativeTarget "ActivitiesWidgetExtension" */ = {
			isa = XCConfigurationList;
			buildConfigurations = (
				855F43D02D0BFA7500593B9A /* Debug */,
				855F43D12D0BFA7500593B9A /* Release */,
			);
			defaultConfigurationIsVisible = 0;
			defaultConfigurationName = Release;
		};
		855F43F22D0CA0C700593B9A /* Build configuration list for PBXNativeTarget "NavTemplateShared" */ = {
			isa = XCConfigurationList;
			buildConfigurations = (
				855F43F32D0CA0C700593B9A /* Debug */,
				855F43F42D0CA0C700593B9A /* Release */,
			);
			defaultConfigurationIsVisible = 0;
			defaultConfigurationName = Release;
		};
		855F43F62D0CA0C700593B9A /* Build configuration list for PBXNativeTarget "NavTemplateSharedTests" */ = {
			isa = XCConfigurationList;
			buildConfigurations = (
				855F43F72D0CA0C700593B9A /* Debug */,
				855F43F82D0CA0C700593B9A /* Release */,
			);
			defaultConfigurationIsVisible = 0;
			defaultConfigurationName = Release;
		};
/* End XCConfigurationList section */
	};
	rootObject = 855E4E9E2CFC3B70002E12D4 /* Project object */;
}
