// !$*UTF8*$!
{
	archiveVersion = 1;
	classes = {
	};
	objectVersion = 77;
	objects = {

/* Begin PBXContainerItemProxy section */
		855E4EB72CFC3B72002E12D4 /* PBXContainerItemProxy */ = {
			isa = PBXContainerItemProxy;
			containerPortal = 855E4E9E2CFC3B70002E12D4 /* Project object */;
			proxyType = 1;
			remoteGlobalIDString = 855E4EA52CFC3B70002E12D4;
			remoteInfo = NavTemplate;
		};
		855E4EC12CFC3B72002E12D4 /* PBXContainerItemProxy */ = {
			isa = PBXContainerItemProxy;
			containerPortal = 855E4E9E2CFC3B70002E12D4 /* Project object */;
			proxyType = 1;
			remoteGlobalIDString = 855E4EA52CFC3B70002E12D4;
			remoteInfo = NavTemplate;
		};
/* End PBXContainerItemProxy section */

/* Begin PBXFileReference section */
		855E4EA62CFC3B70002E12D4 /* NavTemplate.app */ = {isa = PBXFileReference; explicitFileType = wrapper.application; includeInIndex = 0; path = NavTemplate.app; sourceTree = BUILT_PRODUCTS_DIR; };
		855E4EB62CFC3B72002E12D4 /* NavTemplateTests.xctest */ = {isa = PBXFileReference; explicitFileType = wrapper.cfbundle; includeInIndex = 0; path = NavTemplateTests.xctest; sourceTree = BUILT_PRODUCTS_DIR; };
		855E4EC02CFC3B72002E12D4 /* NavTemplateUITests.xctest */ = {isa = PBXFileReference; explicitFileType = wrapper.cfbundle; includeInIndex = 0; path = NavTemplateUITests.xctest; sourceTree = BUILT_PRODUCTS_DIR; };
/* End PBXFileReference section */

/* Begin PBXFileSystemSynchronizedRootGroup section */
		855E4EA82CFC3B70002E12D4 /* NavTemplate */ = {
			isa = PBXFileSystemSynchronizedRootGroup;
			path = NavTemplate;
			sourceTree = "<group>";
		};
		855E4EB92CFC3B72002E12D4 /* NavTemplateTests */ = {
			isa = PBXFileSystemSynchronizedRootGroup;
			path = NavTemplateTests;
			sourceTree = "<group>";
		};
		855E4EC32CFC3B72002E12D4 /* NavTemplateUITests */ = {
			isa = PBXFileSystemSynchronizedRootGroup;
			path = NavTemplateUITests;
			sourceTree = "<group>";
		};
/* End PBXFileSystemSynchronizedRootGroup section */

/* Begin PBXFrameworksBuildPhase section */
		855E4EA32CFC3B70002E12D4 /* Frameworks */ = {
			isa = PBXFrameworksBuildPhase;
			buildActionMask = 2147483647;
			files = (
			);
			runOnlyForDeploymentPostprocessing = 0;
		};
		855E4EB32CFC3B72002E12D4 /* Frameworks */ = {
			isa = PBXFrameworksBuildPhase;
			buildActionMask = 2147483647;
			files = (
			);
			runOnlyForDeploymentPostprocessing = 0;
		};
		855E4EBD2CFC3B72002E12D4 /* Frameworks */ = {
			isa = PBXFrameworksBuildPhase;
			buildActionMask = 2147483647;
			files = (
			);
			runOnlyForDeploymentPostprocessing = 0;
		};
/* End PBXFrameworksBuildPhase section */

/* Begin PBXGroup section */
		855E4E9D2CFC3B70002E12D4 = {
			isa = PBXGroup;
			children = (
				855E4EA82CFC3B70002E12D4 /* NavTemplate */,
				855E4EB92CFC3B72002E12D4 /* NavTemplateTests */,
				855E4EC32CFC3B72002E12D4 /* NavTemplateUITests */,
				855E4EA72CFC3B70002E12D4 /* Products */,
			);
			sourceTree = "<group>";
		};
		855E4EA72CFC3B70002E12D4 /* Products */ = {
			isa = PBXGroup;
			children = (
				855E4EA62CFC3B70002E12D4 /* NavTemplate.app */,
				855E4EB62CFC3B72002E12D4 /* NavTemplateTests.xctest */,
				855E4EC02CFC3B72002E12D4 /* NavTemplateUITests.xctest */,
			);
			name = Products;
			sourceTree = "<group>";
		};
/* End PBXGroup section */

/* Begin PBXNativeTarget section */
		855E4EA52CFC3B70002E12D4 /* NavTemplate */ = {
			isa = PBXNativeTarget;
			buildConfigurationList = 855E4ECA2CFC3B72002E12D4 /* Build configuration list for PBXNativeTarget "NavTemplate" */;
			buildPhases = (
				855E4EA22CFC3B70002E12D4 /* Sources */,
				855E4EA32CFC3B70002E12D4 /* Frameworks */,
				855E4EA42CFC3B70002E12D4 /* Resources */,
			);
			buildRules = (
			);
			dependencies = (
			);
			fileSystemSynchronizedGroups = (
				855E4EA82CFC3B70002E12D4 /* NavTemplate */,
			);
			name = NavTemplate;
			packageProductDependencies = (
			);
			productName = NavTemplate;
			productReference = 855E4EA62CFC3B70002E12D4 /* NavTemplate.app */;
			productType = "com.apple.product-type.application";
		};
		855E4EB52CFC3B72002E12D4 /* NavTemplateTests */ = {
			isa = PBXNativeTarget;
			buildConfigurationList = 855E4ECD2CFC3B72002E12D4 /* Build configuration list for PBXNativeTarget "NavTemplateTests" */;
			buildPhases = (
				855E4EB22CFC3B72002E12D4 /* Sources */,
				855E4EB32CFC3B72002E12D4 /* Frameworks */,
				855E4EB42CFC3B72002E12D4 /* Resources */,
			);
			buildRules = (
			);
			dependencies = (
				855E4EB82CFC3B72002E12D4 /* PBXTargetDependency */,
			);
			fileSystemSynchronizedGroups = (
				855E4EB92CFC3B72002E12D4 /* NavTemplateTests */,
			);
			name = NavTemplateTests;
			packageProductDependencies = (
			);
			productName = NavTemplateTests;
			productReference = 855E4EB62CFC3B72002E12D4 /* NavTemplateTests.xctest */;
			productType = "com.apple.product-type.bundle.unit-test";
		};
		855E4EBF2CFC3B72002E12D4 /* NavTemplateUITests */ = {
			isa = PBXNativeTarget;
			buildConfigurationList = 855E4ED02CFC3B72002E12D4 /* Build configuration list for PBXNativeTarget "NavTemplateUITests" */;
			buildPhases = (
				855E4EBC2CFC3B72002E12D4 /* Sources */,
				855E4EBD2CFC3B72002E12D4 /* Frameworks */,
				855E4EBE2CFC3B72002E12D4 /* Resources */,
			);
			buildRules = (
			);
			dependencies = (
				855E4EC22CFC3B72002E12D4 /* PBXTargetDependency */,
			);
			fileSystemSynchronizedGroups = (
				855E4EC32CFC3B72002E12D4 /* NavTemplateUITests */,
			);
			name = NavTemplateUITests;
			packageProductDependencies = (
			);
			productName = NavTemplateUITests;
			productReference = 855E4EC02CFC3B72002E12D4 /* NavTemplateUITests.xctest */;
			productType = "com.apple.product-type.bundle.ui-testing";
		};
/* End PBXNativeTarget section */

/* Begin PBXProject section */
		855E4E9E2CFC3B70002E12D4 /* Project object */ = {
			isa = PBXProject;
			attributes = {
				BuildIndependentTargetsInParallel = 1;
				LastSwiftUpdateCheck = 1610;
				LastUpgradeCheck = 1610;
				TargetAttributes = {
					855E4EA52CFC3B70002E12D4 = {
						CreatedOnToolsVersion = 16.1;
					};
					855E4EB52CFC3B72002E12D4 = {
						CreatedOnToolsVersion = 16.1;
						TestTargetID = 855E4EA52CFC3B70002E12D4;
					};
					855E4EBF2CFC3B72002E12D4 = {
						CreatedOnToolsVersion = 16.1;
						TestTargetID = 855E4EA52CFC3B70002E12D4;
					};
				};
			};
			buildConfigurationList = 855E4EA12CFC3B70002E12D4 /* Build configuration list for PBXProject "NavTemplate" */;
			developmentRegion = en;
			hasScannedForEncodings = 0;
			knownRegions = (
				en,
				Base,
			);
			mainGroup = 855E4E9D2CFC3B70002E12D4;
			minimizedProjectReferenceProxies = 1;
			preferredProjectObjectVersion = 77;
			productRefGroup = 855E4EA72CFC3B70002E12D4 /* Products */;
			projectDirPath = "";
			projectRoot = "";
			targets = (
				855E4EA52CFC3B70002E12D4 /* NavTemplate */,
				855E4EB52CFC3B72002E12D4 /* NavTemplateTests */,
				855E4EBF2CFC3B72002E12D4 /* NavTemplateUITests */,
			);
		};
/* End PBXProject section */

/* Begin PBXResourcesBuildPhase section */
		855E4EA42CFC3B70002E12D4 /* Resources */ = {
			isa = PBXResourcesBuildPhase;
			buildActionMask = 2147483647;
			files = (
			);
			runOnlyForDeploymentPostprocessing = 0;
		};
		855E4EB42CFC3B72002E12D4 /* Resources */ = {
			isa = PBXResourcesBuildPhase;
			buildActionMask = 2147483647;
			files = (
			);
			runOnlyForDeploymentPostprocessing = 0;
		};
		855E4EBE2CFC3B72002E12D4 /* Resources */ = {
			isa = PBXResourcesBuildPhase;
			buildActionMask = 2147483647;
			files = (
			);
			runOnlyForDeploymentPostprocessing = 0;
		};
/* End PBXResourcesBuildPhase section */

/* Begin PBXSourcesBuildPhase section */
		855E4EA22CFC3B70002E12D4 /* Sources */ = {
			isa = PBXSourcesBuildPhase;
			buildActionMask = 2147483647;
			files = (
			);
			runOnlyForDeploymentPostprocessing = 0;
		};
		855E4EB22CFC3B72002E12D4 /* Sources */ = {
			isa = PBXSourcesBuildPhase;
			buildActionMask = 2147483647;
			files = (
			);
			runOnlyForDeploymentPostprocessing = 0;
		};
		855E4EBC2CFC3B72002E12D4 /* Sources */ = {
			isa = PBXSourcesBuildPhase;
			buildActionMask = 2147483647;
			files = (
			);
			runOnlyForDeploymentPostprocessing = 0;
		};
/* End PBXSourcesBuildPhase section */

/* Begin PBXTargetDependency section */
		855E4EB82CFC3B72002E12D4 /* PBXTargetDependency */ = {
			isa = PBXTargetDependency;
			target = 855E4EA52CFC3B70002E12D4 /* NavTemplate */;
			targetProxy = 855E4EB72CFC3B72002E12D4 /* PBXContainerItemProxy */;
		};
		855E4EC22CFC3B72002E12D4 /* PBXTargetDependency */ = {
			isa = PBXTargetDependency;
			target = 855E4EA52CFC3B70002E12D4 /* NavTemplate */;
			targetProxy = 855E4EC12CFC3B72002E12D4 /* PBXContainerItemProxy */;
		};
/* End PBXTargetDependency section */

/* Begin XCBuildConfiguration section */
		855E4EC82CFC3B72002E12D4 /* Debug */ = {
			isa = XCBuildConfiguration;
			buildSettings = {
				ALWAYS_SEARCH_USER_PATHS = NO;
				ASSETCATALOG_COMPILER_GENERATE_SWIFT_ASSET_SYMBOL_EXTENSIONS = YES;
				CLANG_ANALYZER_NONNULL = YES;
				CLANG_ANALYZER_NUMBER_OBJECT_CONVERSION = YES_AGGRESSIVE;
				CLANG_CXX_LANGUAGE_STANDARD = "gnu++20";
				CLANG_ENABLE_MODULES = YES;
				CLANG_ENABLE_OBJC_ARC = YES;
				CLANG_ENABLE_OBJC_WEAK = YES;
				CLANG_WARN_BLOCK_CAPTURE_AUTORELEASING = YES;
				CLANG_WARN_BOOL_CONVERSION = YES;
				CLANG_WARN_COMMA = YES;
				CLANG_WARN_CONSTANT_CONVERSION = YES;
				CLANG_WARN_DEPRECATED_OBJC_IMPLEMENTATIONS = YES;
				CLANG_WARN_DIRECT_OBJC_ISA_USAGE = YES_ERROR;
				CLANG_WARN_DOCUMENTATION_COMMENTS = YES;
				CLANG_WARN_EMPTY_BODY = YES;
				CLANG_WARN_ENUM_CONVERSION = YES;
				CLANG_WARN_INFINITE_RECURSION = YES;
				CLANG_WARN_INT_CONVERSION = YES;
				CLANG_WARN_NON_LITERAL_NULL_CONVERSION = YES;
				CLANG_WARN_OBJC_IMPLICIT_RETAIN_SELF = YES;
				CLANG_WARN_OBJC_LITERAL_CONVERSION = YES;
				CLANG_WARN_OBJC_ROOT_CLASS = YES_ERROR;
				CLANG_WARN_QUOTED_INCLUDE_IN_FRAMEWORK_HEADER = YES;
				CLANG_WARN_RANGE_LOOP_ANALYSIS = YES;
				CLANG_WARN_STRICT_PROTOTYPES = YES;
				CLANG_WARN_SUSPICIOUS_MOVE = YES;
				CLANG_WARN_UNGUARDED_AVAILABILITY = YES_AGGRESSIVE;
				CLANG_WARN_UNREACHABLE_CODE = YES;
				CLANG_WARN__DUPLICATE_METHOD_MATCH = YES;
				COPY_PHASE_STRIP = NO;
				DEBUG_INFORMATION_FORMAT = dwarf;
				ENABLE_STRICT_OBJC_MSGSEND = YES;
				ENABLE_TESTABILITY = YES;
				ENABLE_USER_SCRIPT_SANDBOXING = YES;
				GCC_C_LANGUAGE_STANDARD = gnu17;
				GCC_DYNAMIC_NO_PIC = NO;
				GCC_NO_COMMON_BLOCKS = YES;
				GCC_OPTIMIZATION_LEVEL = 0;
				GCC_PREPROCESSOR_DEFINITIONS = (
					"DEBUG=1",
					"$(inherited)",
				);
				GCC_WARN_64_TO_32_BIT_CONVERSION = YES;
				GCC_WARN_ABOUT_RETURN_TYPE = YES_ERROR;
				GCC_WARN_UNDECLARED_SELECTOR = YES;
				GCC_WARN_UNINITIALIZED_AUTOS = YES_AGGRESSIVE;
				GCC_WARN_UNUSED_FUNCTION = YES;
				GCC_WARN_UNUSED_VARIABLE = YES;
				IPHONEOS_DEPLOYMENT_TARGET = 18.1;
				LOCALIZATION_PREFERS_STRING_CATALOGS = YES;
				MTL_ENABLE_DEBUG_INFO = INCLUDE_SOURCE;
				MTL_FAST_MATH = YES;
				ONLY_ACTIVE_ARCH = YES;
				SDKROOT = iphoneos;
				SWIFT_ACTIVE_COMPILATION_CONDITIONS = "DEBUG $(inherited)";
				SWIFT_OPTIMIZATION_LEVEL = "-Onone";
			};
			name = Debug;
		};
		855E4EC92CFC3B72002E12D4 /* Release */ = {
			isa = XCBuildConfiguration;
			buildSettings = {
				ALWAYS_SEARCH_USER_PATHS = NO;
				ASSETCATALOG_COMPILER_GENERATE_SWIFT_ASSET_SYMBOL_EXTENSIONS = YES;
				CLANG_ANALYZER_NONNULL = YES;
				CLANG_ANALYZER_NUMBER_OBJECT_CONVERSION = YES_AGGRESSIVE;
				CLANG_CXX_LANGUAGE_STANDARD = "gnu++20";
				CLANG_ENABLE_MODULES = YES;
				CLANG_ENABLE_OBJC_ARC = YES;
				CLANG_ENABLE_OBJC_WEAK = YES;
				CLANG_WARN_BLOCK_CAPTURE_AUTORELEASING = YES;
				CLANG_WARN_BOOL_CONVERSION = YES;
				CLANG_WARN_COMMA = YES;
				CLANG_WARN_CONSTANT_CONVERSION = YES;
				CLANG_WARN_DEPRECATED_OBJC_IMPLEMENTATIONS = YES;
				CLANG_WARN_DIRECT_OBJC_ISA_USAGE = YES_ERROR;
				CLANG_WARN_DOCUMENTATION_COMMENTS = YES;
				CLANG_WARN_EMPTY_BODY = YES;
				CLANG_WARN_ENUM_CONVERSION = YES;
				CLANG_WARN_INFINITE_RECURSION = YES;
				CLANG_WARN_INT_CONVERSION = YES;
				CLANG_WARN_NON_LITERAL_NULL_CONVERSION = YES;
				CLANG_WARN_OBJC_IMPLICIT_RETAIN_SELF = YES;
				CLANG_WARN_OBJC_LITERAL_CONVERSION = YES;
				CLANG_WARN_OBJC_ROOT_CLASS = YES_ERROR;
				CLANG_WARN_QUOTED_INCLUDE_IN_FRAMEWORK_HEADER = YES;
				CLANG_WARN_RANGE_LOOP_ANALYSIS = YES;
				CLANG_WARN_STRICT_PROTOTYPES = YES;
				CLANG_WARN_SUSPICIOUS_MOVE = YES;
				CLANG_WARN_UNGUARDED_AVAILABILITY = YES_AGGRESSIVE;
				CLANG_WARN_UNREACHABLE_CODE = YES;
				CLANG_WARN__DUPLICATE_METHOD_MATCH = YES;
				COPY_PHASE_STRIP = NO;
				DEBUG_INFORMATION_FORMAT = "dwarf-with-dsym";
				ENABLE_NS_ASSERTIONS = NO;
				ENABLE_STRICT_OBJC_MSGSEND = YES;
				ENABLE_USER_SCRIPT_SANDBOXING = YES;
				GCC_C_LANGUAGE_STANDARD = gnu17;
				GCC_NO_COMMON_BLOCKS = YES;
				GCC_WARN_64_TO_32_BIT_CONVERSION = YES;
				GCC_WARN_ABOUT_RETURN_TYPE = YES_ERROR;
				GCC_WARN_UNDECLARED_SELECTOR = YES;
				GCC_WARN_UNINITIALIZED_AUTOS = YES_AGGRESSIVE;
				GCC_WARN_UNUSED_FUNCTION = YES;
				GCC_WARN_UNUSED_VARIABLE = YES;
				IPHONEOS_DEPLOYMENT_TARGET = 18.1;
				LOCALIZATION_PREFERS_STRING_CATALOGS = YES;
				MTL_ENABLE_DEBUG_INFO = NO;
				MTL_FAST_MATH = YES;
				SDKROOT = iphoneos;
				SWIFT_COMPILATION_MODE = wholemodule;
				VALIDATE_PRODUCT = YES;
			};
			name = Release;
		};
		855E4ECB2CFC3B72002E12D4 /* Debug */ = {
			isa = XCBuildConfiguration;
			buildSettings = {
				ASSETCATALOG_COMPILER_APPICON_NAME = AppIcon;
				ASSETCATALOG_COMPILER_GLOBAL_ACCENT_COLOR_NAME = AccentColor;
				CODE_SIGN_STYLE = Automatic;
				CURRENT_PROJECT_VERSION = 1;
				DEVELOPMENT_ASSET_PATHS = "\"NavTemplate/Preview Content\"";
				DEVELOPMENT_TEAM = U3ZF79B4TR;
				ENABLE_PREVIEWS = YES;
				GENERATE_INFOPLIST_FILE = YES;
				INFOPLIST_KEY_UIApplicationSceneManifest_Generation = YES;
				INFOPLIST_KEY_UIApplicationSupportsIndirectInputEvents = YES;
				INFOPLIST_KEY_UILaunchScreen_Generation = YES;
				INFOPLIST_KEY_UISupportedInterfaceOrientations_iPad = "UIInterfaceOrientationPortrait UIInterfaceOrientationPortraitUpsideDown UIInterfaceOrientationLandscapeLeft UIInterfaceOrientationLandscapeRight";
				INFOPLIST_KEY_UISupportedInterfaceOrientations_iPhone = "UIInterfaceOrientationPortrait UIInterfaceOrientationLandscapeLeft UIInterfaceOrientationLandscapeRight";
				LD_RUNPATH_SEARCH_PATHS = (
					"$(inherited)",
					"@executable_path/Frameworks",
				);
				MARKETING_VERSION = 1.0;
				PRODUCT_BUNDLE_IDENTIFIER = us.kothreat.NavTemplate;
				PRODUCT_NAME = "$(TARGET_NAME)";
				SWIFT_EMIT_LOC_STRINGS = YES;
				SWIFT_VERSION = 5.0;
				TARGETED_DEVICE_FAMILY = "1,2";
			};
			name = Debug;
		};
		855E4ECC2CFC3B72002E12D4 /* Release */ = {
			isa = XCBuildConfiguration;
			buildSettings = {
				ASSETCATALOG_COMPILER_APPICON_NAME = AppIcon;
				ASSETCATALOG_COMPILER_GLOBAL_ACCENT_COLOR_NAME = AccentColor;
				CODE_SIGN_STYLE = Automatic;
				CURRENT_PROJECT_VERSION = 1;
				DEVELOPMENT_ASSET_PATHS = "\"NavTemplate/Preview Content\"";
				DEVELOPMENT_TEAM = U3ZF79B4TR;
				ENABLE_PREVIEWS = YES;
				GENERATE_INFOPLIST_FILE = YES;
				INFOPLIST_KEY_UIApplicationSceneManifest_Generation = YES;
				INFOPLIST_KEY_UIApplicationSupportsIndirectInputEvents = YES;
				INFOPLIST_KEY_UILaunchScreen_Generation = YES;
				INFOPLIST_KEY_UISupportedInterfaceOrientations_iPad = "UIInterfaceOrientationPortrait UIInterfaceOrientationPortraitUpsideDown UIInterfaceOrientationLandscapeLeft UIInterfaceOrientationLandscapeRight";
				INFOPLIST_KEY_UISupportedInterfaceOrientations_iPhone = "UIInterfaceOrientationPortrait UIInterfaceOrientationLandscapeLeft UIInterfaceOrientationLandscapeRight";
				LD_RUNPATH_SEARCH_PATHS = (
					"$(inherited)",
					"@executable_path/Frameworks",
				);
				MARKETING_VERSION = 1.0;
				PRODUCT_BUNDLE_IDENTIFIER = us.kothreat.NavTemplate;
				PRODUCT_NAME = "$(TARGET_NAME)";
				SWIFT_EMIT_LOC_STRINGS = YES;
				SWIFT_VERSION = 5.0;
				TARGETED_DEVICE_FAMILY = "1,2";
			};
			name = Release;
		};
		855E4ECE2CFC3B72002E12D4 /* Debug */ = {
			isa = XCBuildConfiguration;
			buildSettings = {
				BUNDLE_LOADER = "$(TEST_HOST)";
				CODE_SIGN_STYLE = Automatic;
				CURRENT_PROJECT_VERSION = 1;
				DEVELOPMENT_TEAM = U3ZF79B4TR;
				GENERATE_INFOPLIST_FILE = YES;
				IPHONEOS_DEPLOYMENT_TARGET = 18.1;
				MARKETING_VERSION = 1.0;
				PRODUCT_BUNDLE_IDENTIFIER = us.kothreat.NavTemplateTests;
				PRODUCT_NAME = "$(TARGET_NAME)";
				SWIFT_EMIT_LOC_STRINGS = NO;
				SWIFT_VERSION = 5.0;
				TARGETED_DEVICE_FAMILY = "1,2";
				TEST_HOST = "$(BUILT_PRODUCTS_DIR)/NavTemplate.app/$(BUNDLE_EXECUTABLE_FOLDER_PATH)/NavTemplate";
			};
			name = Debug;
		};
		855E4ECF2CFC3B72002E12D4 /* Release */ = {
			isa = XCBuildConfiguration;
			buildSettings = {
				BUNDLE_LOADER = "$(TEST_HOST)";
				CODE_SIGN_STYLE = Automatic;
				CURRENT_PROJECT_VERSION = 1;
				DEVELOPMENT_TEAM = U3ZF79B4TR;
				GENERATE_INFOPLIST_FILE = YES;
				IPHONEOS_DEPLOYMENT_TARGET = 18.1;
				MARKETING_VERSION = 1.0;
				PRODUCT_BUNDLE_IDENTIFIER = us.kothreat.NavTemplateTests;
				PRODUCT_NAME = "$(TARGET_NAME)";
				SWIFT_EMIT_LOC_STRINGS = NO;
				SWIFT_VERSION = 5.0;
				TARGETED_DEVICE_FAMILY = "1,2";
				TEST_HOST = "$(BUILT_PRODUCTS_DIR)/NavTemplate.app/$(BUNDLE_EXECUTABLE_FOLDER_PATH)/NavTemplate";
			};
			name = Release;
		};
		855E4ED12CFC3B72002E12D4 /* Debug */ = {
			isa = XCBuildConfiguration;
			buildSettings = {
				CODE_SIGN_STYLE = Automatic;
				CURRENT_PROJECT_VERSION = 1;
				DEVELOPMENT_TEAM = U3ZF79B4TR;
				GENERATE_INFOPLIST_FILE = YES;
				MARKETING_VERSION = 1.0;
				PRODUCT_BUNDLE_IDENTIFIER = us.kothreat.NavTemplateUITests;
				PRODUCT_NAME = "$(TARGET_NAME)";
				SWIFT_EMIT_LOC_STRINGS = NO;
				SWIFT_VERSION = 5.0;
				TARGETED_DEVICE_FAMILY = "1,2";
				TEST_TARGET_NAME = NavTemplate;
			};
			name = Debug;
		};
		855E4ED22CFC3B72002E12D4 /* Release */ = {
			isa = XCBuildConfiguration;
			buildSettings = {
				CODE_SIGN_STYLE = Automatic;
				CURRENT_PROJECT_VERSION = 1;
				DEVELOPMENT_TEAM = U3ZF79B4TR;
				GENERATE_INFOPLIST_FILE = YES;
				MARKETING_VERSION = 1.0;
				PRODUCT_BUNDLE_IDENTIFIER = us.kothreat.NavTemplateUITests;
				PRODUCT_NAME = "$(TARGET_NAME)";
				SWIFT_EMIT_LOC_STRINGS = NO;
				SWIFT_VERSION = 5.0;
				TARGETED_DEVICE_FAMILY = "1,2";
				TEST_TARGET_NAME = NavTemplate;
			};
			name = Release;
		};
/* End XCBuildConfiguration section */

/* Begin XCConfigurationList section */
		855E4EA12CFC3B70002E12D4 /* Build configuration list for PBXProject "NavTemplate" */ = {
			isa = XCConfigurationList;
			buildConfigurations = (
				855E4EC82CFC3B72002E12D4 /* Debug */,
				855E4EC92CFC3B72002E12D4 /* Release */,
			);
			defaultConfigurationIsVisible = 0;
			defaultConfigurationName = Release;
		};
		855E4ECA2CFC3B72002E12D4 /* Build configuration list for PBXNativeTarget "NavTemplate" */ = {
			isa = XCConfigurationList;
			buildConfigurations = (
				855E4ECB2CFC3B72002E12D4 /* Debug */,
				855E4ECC2CFC3B72002E12D4 /* Release */,
			);
			defaultConfigurationIsVisible = 0;
			defaultConfigurationName = Release;
		};
		855E4ECD2CFC3B72002E12D4 /* Build configuration list for PBXNativeTarget "NavTemplateTests" */ = {
			isa = XCConfigurationList;
			buildConfigurations = (
				855E4ECE2CFC3B72002E12D4 /* Debug */,
				855E4ECF2CFC3B72002E12D4 /* Release */,
			);
			defaultConfigurationIsVisible = 0;
			defaultConfigurationName = Release;
		};
		855E4ED02CFC3B72002E12D4 /* Build configuration list for PBXNativeTarget "NavTemplateUITests" */ = {
			isa = XCConfigurationList;
			buildConfigurations = (
				855E4ED12CFC3B72002E12D4 /* Debug */,
				855E4ED22CFC3B72002E12D4 /* Release */,
			);
			defaultConfigurationIsVisible = 0;
			defaultConfigurationName = Release;
		};
/* End XCConfigurationList section */
	};
	rootObject = 855E4E9E2CFC3B70002E12D4 /* Project object */;
}
